{
  "originHash" : "61f44f2b3c7eb6fc102f9b83d937bfbafbc66f571f476da7df96986244976969",
  "pins" : [
    {
      "identity" : "wkdownloadhelper",
      "kind" : "remoteSourceControl",
      "location" : "https://github.com/gualtierofrigerio/WKDownloadHelper.git",
      "state" : {
        "revision" : "3a13843e37a4bdcbeca9f9357c17fec77893fa3a",
        "version" : "0.3.1"
      }
    }
  ],
  "version" : 3
}
